
Microsoft Visual Studio Solution File, Format Version 12.00
# Visual Studio Version 16
VisualStudioVersion = 16.0.29728.190
MinimumVisualStudioVersion = 10.0.40219.1
Project("{9A19103F-16F7-4668-BE54-9A1E7A4F7556}") = "Demo", "tl_sg108e_net\Demo.csproj", "{A3AD9D79-D7F4-423A-98EC-852A418055CB}"
EndProject
Project("{9A19103F-16F7-4668-BE54-9A1E7A4F7556}") = "TplinkEasySmartSwitch", "TplinkEasySmartSwitch\TplinkEasySmartSwitch.csproj", "{1854F0B4-8C01-463A-9122-8AD41508E4B3}"
EndProject
Global
	GlobalSection(SolutionConfigurationPlatforms) = preSolution
		Debug|Any CPU = Debug|Any CPU
		Release|Any CPU = Release|Any CPU
	EndGlobalSection
	GlobalSection(ProjectConfigurationPlatforms) = postSolution
		{A3AD9D79-D7F4-423A-98EC-852A418055CB}.Debug|Any CPU.ActiveCfg = Debug|Any CPU
		{A3AD9D79-D7F4-423A-98EC-852A418055CB}.Debug|Any CPU.Build.0 = Debug|Any CPU
		{A3AD9D79-D7F4-423A-98EC-852A418055CB}.Release|Any CPU.ActiveCfg = Release|Any CPU
		{A3AD9D79-D7F4-423A-98EC-852A418055CB}.Release|Any CPU.Build.0 = Release|Any CPU
		{1854F0B4-8C01-463A-9122-8AD41508E4B3}.Debug|Any CPU.ActiveCfg = Debug|Any CPU
		{1854F0B4-8C01-463A-9122-8AD41508E4B3}.Debug|Any CPU.Build.0 = Debug|Any CPU
		{1854F0B4-8C01-463A-9122-8AD41508E4B3}.Release|Any CPU.ActiveCfg = Release|Any CPU
		{1854F0B4-8C01-463A-9122-8AD41508E4B3}.Release|Any CPU.Build.0 = Release|Any CPU
	EndGlobalSection
	GlobalSection(SolutionProperties) = preSolution
		HideSolutionNode = FALSE
	EndGlobalSection
	GlobalSection(ExtensibilityGlobals) = postSolution
		SolutionGuid = {6191F5DE-09F2-43A9-BDA6-AFA0D3CCFE6D}
	EndGlobalSection
EndGlobal
